<?xml version="1.0" encoding="utf-8"?>
<Project ToolsVersion="4.0" xmlns="http://schemas.microsoft.com/developer/msbuild/2003">
  <ItemGroup>
    <Filter Include="Pliki źródłowe">
      <UniqueIdentifier>{4FC737F1-C7A5-4376-A066-2A32D752A2FF}</UniqueIdentifier>
      <Extensions>cpp;c;cc;cxx;c++;cppm;ixx;def;odl;idl;hpj;bat;asm;asmx</Extensions>
    </Filter>
    <Filter Include="Pliki nagłówkowe">
      <UniqueIdentifier>{93995380-89BD-4b04-88EB-625FBE52EBFB}</UniqueIdentifier>
      <Extensions>h;hh;hpp;hxx;h++;hm;inl;inc;ipp;xsd</Extensions>
    </Filter>
    <Filter Include="Pliki źródłowe\Codes">
      <UniqueIdentifier>{308107c3-1b1f-4dd0-bad2-eca9a697fc44}</UniqueIdentifier>
    </Filter>
    <Filter Include="Pliki źródłowe\Codes\Interpolations">
      <UniqueIdentifier>{655fa0b2-ea00-4cc6-86d9-812eb3771d03}</UniqueIdentifier>
    </Filter>
    <Filter Include="Pliki źródłowe\Codes\LinearEquations">
      <UniqueIdentifier>{2aa767f6-b1aa-48ee-9702-a12fb98df2a3}</UniqueIdentifier>
    </Filter>
  </ItemGroup>
  <ItemGroup>
    <ClCompile Include="Main.cpp">
      <Filter>Pliki źródłowe</Filter>
    </ClCompile>
    <ClCompile Include="ReadingMatrixFromTab.cpp">
      <Filter>Pliki źródłowe\Codes</Filter>
    </ClCompile>
    <ClCompile Include="GaussMethod.cpp">
      <Filter>Pliki źródłowe\Codes\Interpolations</Filter>
    </ClCompile>
    <ClCompile Include="GaussMethodExtension.cpp">
      <Filter>Pliki źródłowe\Codes\Interpolations</Filter>
    </ClCompile>
    <ClCompile Include="JacobieMethod.cpp">
      <Filter>Pliki źródłowe\Codes\LinearEquations</Filter>
    </ClCompile>
    <ClCompile Include="LagrangeInterpol.cpp">
      <Filter>Pliki źródłowe\Codes\LinearEquations</Filter>
    </ClCompile>
    <ClCompile Include="LUMethod.cpp">
      <Filter>Pliki źródłowe\Codes\LinearEquations</Filter>
    </ClCompile>
    <ClCompile Include="MatrixCalculations.cpp">
      <Filter>Pliki źródłowe\Codes</Filter>
    </ClCompile>
    <ClCompile Include="NewtonInterpol.cpp">
      <Filter>Pliki źródłowe\Codes\Interpolations</Filter>
    </ClCompile>
  </ItemGroup>
  <ItemGroup>
    <ClInclude Include="LagrangeInterpol.h">
      <Filter>Pliki nagłówkowe</Filter>
    </ClInclude>
    <ClInclude Include="ReadingMatrixFromTab.h">
      <Filter>Pliki nagłówkowe</Filter>
    </ClInclude>
    <ClInclude Include="NewtonInterpol.h">
      <Filter>Pliki nagłówkowe</Filter>
    </ClInclude>
    <ClInclude Include="GaussMethod.h">
      <Filter>Pliki nagłówkowe</Filter>
    </ClInclude>
    <ClInclude Include="GaussMethodExtension.h">
      <Filter>Pliki nagłówkowe</Filter>
    </ClInclude>
    <ClInclude Include="JacobieMethod.h">
      <Filter>Pliki nagłówkowe</Filter>
    </ClInclude>
    <ClInclude Include="MatrixCalculations.h">
      <Filter>Pliki nagłówkowe</Filter>
    </ClInclude>
    <ClInclude Include="LUMethod.h">
      <Filter>Pliki nagłówkowe</Filter>
    </ClInclude>
  </ItemGroup>
</Project>